
Microsoft Visual Studio Solution File, Format Version 12.00
# Visual Studio Version 17
VisualStudioVersion = 17.2.32526.322
MinimumVisualStudioVersion = 10.0.40219.1
Project("{9A19103F-16F7-4668-BE54-9A1E7A4F7556}") = "StorageManager_site.Server", "StorageManager_site\Server\StorageManager_site.Server.csproj", "{254720DD-D7FF-4803-BB47-541690FB3585}"
EndProject
Project("{9A19103F-16F7-4668-BE54-9A1E7A4F7556}") = "StorageManager_site.Client", "StorageManager_site\Client\StorageManager_site.Client.csproj", "{9F3459C4-FE48-401E-A017-165FA1566929}"
EndProject
Project("{9A19103F-16F7-4668-BE54-9A1E7A4F7556}") = "StorageManager_site.Shared", "StorageManager_site\Shared\StorageManager_site.Shared.csproj", "{286B30E3-9F5D-456A-87F3-1811F0BFFF09}"
EndProject
Project("{9A19103F-16F7-4668-BE54-9A1E7A4F7556}") = "LocalStorageManager", "LocalStorageManager\LocalStorageManager.csproj", "{52066048-8D15-4EC6-8AF7-9DE3B5EDF18A}"
EndProject
Project("{9A19103F-16F7-4668-BE54-9A1E7A4F7556}") = "SessionStorageManager", "SessionStorageManager\SessionStorageManager.csproj", "{C9A8F2A3-A669-4C64-8BBD-9EA0D943806B}"
EndProject
Global
	GlobalSection(SolutionConfigurationPlatforms) = preSolution
		Debug|Any CPU = Debug|Any CPU
		Release|Any CPU = Release|Any CPU
	EndGlobalSection
	GlobalSection(ProjectConfigurationPlatforms) = postSolution
		{254720DD-D7FF-4803-BB47-541690FB3585}.Debug|Any CPU.ActiveCfg = Debug|Any CPU
		{254720DD-D7FF-4803-BB47-541690FB3585}.Debug|Any CPU.Build.0 = Debug|Any CPU
		{254720DD-D7FF-4803-BB47-541690FB3585}.Release|Any CPU.ActiveCfg = Release|Any CPU
		{254720DD-D7FF-4803-BB47-541690FB3585}.Release|Any CPU.Build.0 = Release|Any CPU
		{9F3459C4-FE48-401E-A017-165FA1566929}.Debug|Any CPU.ActiveCfg = Debug|Any CPU
		{9F3459C4-FE48-401E-A017-165FA1566929}.Debug|Any CPU.Build.0 = Debug|Any CPU
		{9F3459C4-FE48-401E-A017-165FA1566929}.Release|Any CPU.ActiveCfg = Release|Any CPU
		{9F3459C4-FE48-401E-A017-165FA1566929}.Release|Any CPU.Build.0 = Release|Any CPU
		{286B30E3-9F5D-456A-87F3-1811F0BFFF09}.Debug|Any CPU.ActiveCfg = Debug|Any CPU
		{286B30E3-9F5D-456A-87F3-1811F0BFFF09}.Debug|Any CPU.Build.0 = Debug|Any CPU
		{286B30E3-9F5D-456A-87F3-1811F0BFFF09}.Release|Any CPU.ActiveCfg = Release|Any CPU
		{286B30E3-9F5D-456A-87F3-1811F0BFFF09}.Release|Any CPU.Build.0 = Release|Any CPU
		{52066048-8D15-4EC6-8AF7-9DE3B5EDF18A}.Debug|Any CPU.ActiveCfg = Debug|Any CPU
		{52066048-8D15-4EC6-8AF7-9DE3B5EDF18A}.Debug|Any CPU.Build.0 = Debug|Any CPU
		{52066048-8D15-4EC6-8AF7-9DE3B5EDF18A}.Release|Any CPU.ActiveCfg = Release|Any CPU
		{52066048-8D15-4EC6-8AF7-9DE3B5EDF18A}.Release|Any CPU.Build.0 = Release|Any CPU
		{C9A8F2A3-A669-4C64-8BBD-9EA0D943806B}.Debug|Any CPU.ActiveCfg = Debug|Any CPU
		{C9A8F2A3-A669-4C64-8BBD-9EA0D943806B}.Debug|Any CPU.Build.0 = Debug|Any CPU
		{C9A8F2A3-A669-4C64-8BBD-9EA0D943806B}.Release|Any CPU.ActiveCfg = Release|Any CPU
		{C9A8F2A3-A669-4C64-8BBD-9EA0D943806B}.Release|Any CPU.Build.0 = Release|Any CPU
	EndGlobalSection
	GlobalSection(SolutionProperties) = preSolution
		HideSolutionNode = FALSE
	EndGlobalSection
	GlobalSection(ExtensibilityGlobals) = postSolution
		SolutionGuid = {D54EE08B-619E-4986-9564-3DAF1386EB96}
	EndGlobalSection
EndGlobal
